// !$*UTF8*$!
{
	archiveVersion = 1;
	classes = {
	};
	objectVersion = 55;
	objects = {

/* Begin PBXBuildFile section */
		201298BB27E4AC2D005FC101 /* FriendRow.swift in Sources */ = {isa = PBXBuildFile; fileRef = 201298BA27E4AC2D005FC101 /* FriendRow.swift */; };
		201298BD27E4D021005FC101 /* GroupsRow.swift in Sources */ = {isa = PBXBuildFile; fileRef = 201298BC27E4D021005FC101 /* GroupsRow.swift */; };
		201298BF27E89793005FC101 /* AvatarView.swift in Sources */ = {isa = PBXBuildFile; fileRef = 201298BE27E89793005FC101 /* AvatarView.swift */; };
		201298C127EF57E9005FC101 /* AppView.swift in Sources */ = {isa = PBXBuildFile; fileRef = 201298C027EF57E9005FC101 /* AppView.swift */; };
		201298C427EF7CE8005FC101 /* FriendsView.swift in Sources */ = {isa = PBXBuildFile; fileRef = 201298C327EF7CE8005FC101 /* FriendsView.swift */; };
		201298C627F31163005FC101 /* MainView.swift in Sources */ = {isa = PBXBuildFile; fileRef = 201298C527F31163005FC101 /* MainView.swift */; };
		201298C827F316AA005FC101 /* GroupsView.swift in Sources */ = {isa = PBXBuildFile; fileRef = 201298C727F316AA005FC101 /* GroupsView.swift */; };
		201298CB27F31C4D005FC101 /* NewsFeedView.swift in Sources */ = {isa = PBXBuildFile; fileRef = 201298CA27F31C4D005FC101 /* NewsFeedView.swift */; };
		201298CE27F328D9005FC101 /* Gallery.swift in Sources */ = {isa = PBXBuildFile; fileRef = 201298CD27F328D9005FC101 /* Gallery.swift */; };
		201298D227F32D10005FC101 /* ASCollectionView in Frameworks */ = {isa = PBXBuildFile; productRef = 201298D127F32D10005FC101 /* ASCollectionView */; };
		206F0C3527DE4AC90055BF0D /* GB_VK_client_SwiftUIApp.swift in Sources */ = {isa = PBXBuildFile; fileRef = 206F0C3427DE4AC90055BF0D /* GB_VK_client_SwiftUIApp.swift */; };
		206F0C3927DE4AC90055BF0D /* Assets.xcassets in Resources */ = {isa = PBXBuildFile; fileRef = 206F0C3827DE4AC90055BF0D /* Assets.xcassets */; };
		206F0C3C27DE4AC90055BF0D /* Preview Assets.xcassets in Resources */ = {isa = PBXBuildFile; fileRef = 206F0C3B27DE4AC90055BF0D /* Preview Assets.xcassets */; };
		206F0C4527DE4E050055BF0D /* SwiftUI+Extension.swift in Sources */ = {isa = PBXBuildFile; fileRef = 206F0C4427DE4E050055BF0D /* SwiftUI+Extension.swift */; };
		206F0C4727DE4E2B0055BF0D /* UIKit+Extension.swift in Sources */ = {isa = PBXBuildFile; fileRef = 206F0C4627DE4E2B0055BF0D /* UIKit+Extension.swift */; };
		206F0C4927DE4E4D0055BF0D /* LoginView.swift in Sources */ = {isa = PBXBuildFile; fileRef = 206F0C4827DE4E4D0055BF0D /* LoginView.swift */; };
		20CFC21E27F85A1E002C9E50 /* FriendViewModel.swift in Sources */ = {isa = PBXBuildFile; fileRef = 20CFC21D27F85A1E002C9E50 /* FriendViewModel.swift */; };
		20CFC22027F85D17002C9E50 /* NetworkService.swift in Sources */ = {isa = PBXBuildFile; fileRef = 20CFC21F27F85D17002C9E50 /* NetworkService.swift */; };
		20CFC22427F85E29002C9E50 /* FriendModel.swift in Sources */ = {isa = PBXBuildFile; fileRef = 20CFC22327F85E29002C9E50 /* FriendModel.swift */; };
		20CFC22627F864D8002C9E50 /* Session.swift in Sources */ = {isa = PBXBuildFile; fileRef = 20CFC22527F864D8002C9E50 /* Session.swift */; };
		20CFC22827F8705B002C9E50 /* Response.swift in Sources */ = {isa = PBXBuildFile; fileRef = 20CFC22727F8705B002C9E50 /* Response.swift */; };
/* End PBXBuildFile section */

/* Begin PBXFileReference section */
		201298BA27E4AC2D005FC101 /* FriendRow.swift */ = {isa = PBXFileReference; lastKnownFileType = sourcecode.swift; path = FriendRow.swift; sourceTree = "<group>"; };
		201298BC27E4D021005FC101 /* GroupsRow.swift */ = {isa = PBXFileReference; lastKnownFileType = sourcecode.swift; path = GroupsRow.swift; sourceTree = "<group>"; };
		201298BE27E89793005FC101 /* AvatarView.swift */ = {isa = PBXFileReference; lastKnownFileType = sourcecode.swift; path = AvatarView.swift; sourceTree = "<group>"; };
		201298C027EF57E9005FC101 /* AppView.swift */ = {isa = PBXFileReference; lastKnownFileType = sourcecode.swift; path = AppView.swift; sourceTree = "<group>"; };
		201298C327EF7CE8005FC101 /* FriendsView.swift */ = {isa = PBXFileReference; lastKnownFileType = sourcecode.swift; path = FriendsView.swift; sourceTree = "<group>"; };
		201298C527F31163005FC101 /* MainView.swift */ = {isa = PBXFileReference; lastKnownFileType = sourcecode.swift; path = MainView.swift; sourceTree = "<group>"; };
		201298C727F316AA005FC101 /* GroupsView.swift */ = {isa = PBXFileReference; lastKnownFileType = sourcecode.swift; path = GroupsView.swift; sourceTree = "<group>"; };
		201298CA27F31C4D005FC101 /* NewsFeedView.swift */ = {isa = PBXFileReference; lastKnownFileType = sourcecode.swift; path = NewsFeedView.swift; sourceTree = "<group>"; };
		201298CD27F328D9005FC101 /* Gallery.swift */ = {isa = PBXFileReference; lastKnownFileType = sourcecode.swift; path = Gallery.swift; sourceTree = "<group>"; };
		206F0C3127DE4AC90055BF0D /* GB VK client SwiftUI.app */ = {isa = PBXFileReference; explicitFileType = wrapper.application; includeInIndex = 0; path = "GB VK client SwiftUI.app"; sourceTree = BUILT_PRODUCTS_DIR; };
		206F0C3427DE4AC90055BF0D /* GB_VK_client_SwiftUIApp.swift */ = {isa = PBXFileReference; lastKnownFileType = sourcecode.swift; path = GB_VK_client_SwiftUIApp.swift; sourceTree = "<group>"; };
		206F0C3827DE4AC90055BF0D /* Assets.xcassets */ = {isa = PBXFileReference; lastKnownFileType = folder.assetcatalog; path = Assets.xcassets; sourceTree = "<group>"; };
		206F0C3B27DE4AC90055BF0D /* Preview Assets.xcassets */ = {isa = PBXFileReference; lastKnownFileType = folder.assetcatalog; path = "Preview Assets.xcassets"; sourceTree = "<group>"; };
		206F0C4427DE4E050055BF0D /* SwiftUI+Extension.swift */ = {isa = PBXFileReference; lastKnownFileType = sourcecode.swift; path = "SwiftUI+Extension.swift"; sourceTree = "<group>"; };
		206F0C4627DE4E2B0055BF0D /* UIKit+Extension.swift */ = {isa = PBXFileReference; lastKnownFileType = sourcecode.swift; path = "UIKit+Extension.swift"; sourceTree = "<group>"; };
		206F0C4827DE4E4D0055BF0D /* LoginView.swift */ = {isa = PBXFileReference; lastKnownFileType = sourcecode.swift; path = LoginView.swift; sourceTree = "<group>"; };
		20CFC21D27F85A1E002C9E50 /* FriendViewModel.swift */ = {isa = PBXFileReference; lastKnownFileType = sourcecode.swift; path = FriendViewModel.swift; sourceTree = "<group>"; };
		20CFC21F27F85D17002C9E50 /* NetworkService.swift */ = {isa = PBXFileReference; lastKnownFileType = sourcecode.swift; path = NetworkService.swift; sourceTree = "<group>"; };
		20CFC22327F85E29002C9E50 /* FriendModel.swift */ = {isa = PBXFileReference; lastKnownFileType = sourcecode.swift; path = FriendModel.swift; sourceTree = "<group>"; };
		20CFC22527F864D8002C9E50 /* Session.swift */ = {isa = PBXFileReference; lastKnownFileType = sourcecode.swift; path = Session.swift; sourceTree = "<group>"; };
		20CFC22727F8705B002C9E50 /* Response.swift */ = {isa = PBXFileReference; lastKnownFileType = sourcecode.swift; path = Response.swift; sourceTree = "<group>"; };
/* End PBXFileReference section */

/* Begin PBXFrameworksBuildPhase section */
		206F0C2E27DE4AC90055BF0D /* Frameworks */ = {
			isa = PBXFrameworksBuildPhase;
			buildActionMask = 2147483647;
			files = (
				201298D227F32D10005FC101 /* ASCollectionView in Frameworks */,
			);
			runOnlyForDeploymentPostprocessing = 0;
		};
/* End PBXFrameworksBuildPhase section */

/* Begin PBXGroup section */
		201298C227EF7CD4005FC101 /* Friends */ = {
			isa = PBXGroup;
			children = (
				201298BA27E4AC2D005FC101 /* FriendRow.swift */,
				201298C327EF7CE8005FC101 /* FriendsView.swift */,
				201298BE27E89793005FC101 /* AvatarView.swift */,
			);
			path = Friends;
			sourceTree = "<group>";
		};
		201298C927F31736005FC101 /* Groups */ = {
			isa = PBXGroup;
			children = (
				201298C727F316AA005FC101 /* GroupsView.swift */,
				201298BC27E4D021005FC101 /* GroupsRow.swift */,
			);
			path = Groups;
			sourceTree = "<group>";
		};
		201298CC27F31D35005FC101 /* News */ = {
			isa = PBXGroup;
			children = (
				201298CA27F31C4D005FC101 /* NewsFeedView.swift */,
			);
			path = News;
			sourceTree = "<group>";
		};
		201298CF27F328E0005FC101 /* Gallery */ = {
			isa = PBXGroup;
			children = (
				201298CD27F328D9005FC101 /* Gallery.swift */,
			);
			path = Gallery;
			sourceTree = "<group>";
		};
		206F0C2827DE4AC80055BF0D = {
			isa = PBXGroup;
			children = (
				206F0C3327DE4AC90055BF0D /* GB VK client SwiftUI */,
				206F0C3227DE4AC90055BF0D /* Products */,
			);
			sourceTree = "<group>";
		};
		206F0C3227DE4AC90055BF0D /* Products */ = {
			isa = PBXGroup;
			children = (
				206F0C3127DE4AC90055BF0D /* GB VK client SwiftUI.app */,
			);
			name = Products;
			sourceTree = "<group>";
		};
		206F0C3327DE4AC90055BF0D /* GB VK client SwiftUI */ = {
			isa = PBXGroup;
			children = (
				206F0C3427DE4AC90055BF0D /* GB_VK_client_SwiftUIApp.swift */,
				201298C027EF57E9005FC101 /* AppView.swift */,
				201298C527F31163005FC101 /* MainView.swift */,
				20CFC22227F85D43002C9E50 /* Models */,
				20CFC22127F85D24002C9E50 /* Services */,
				206F0C4327DE4DD40055BF0D /* Login */,
				201298CC27F31D35005FC101 /* News */,
				201298C227EF7CD4005FC101 /* Friends */,
				201298C927F31736005FC101 /* Groups */,
				201298CF27F328E0005FC101 /* Gallery */,
				206F0C4227DE4DB20055BF0D /* Extensions */,
				206F0C3A27DE4AC90055BF0D /* Preview Content */,
				206F0C3827DE4AC90055BF0D /* Assets.xcassets */,
			);
			path = "GB VK client SwiftUI";
			sourceTree = "<group>";
		};
		206F0C3A27DE4AC90055BF0D /* Preview Content */ = {
			isa = PBXGroup;
			children = (
				206F0C3B27DE4AC90055BF0D /* Preview Assets.xcassets */,
			);
			path = "Preview Content";
			sourceTree = "<group>";
		};
		206F0C4227DE4DB20055BF0D /* Extensions */ = {
			isa = PBXGroup;
			children = (
				206F0C4427DE4E050055BF0D /* SwiftUI+Extension.swift */,
				206F0C4627DE4E2B0055BF0D /* UIKit+Extension.swift */,
			);
			path = Extensions;
			sourceTree = "<group>";
		};
		206F0C4327DE4DD40055BF0D /* Login */ = {
			isa = PBXGroup;
			children = (
				206F0C4827DE4E4D0055BF0D /* LoginView.swift */,
			);
			path = Login;
			sourceTree = "<group>";
		};
		20CFC22127F85D24002C9E50 /* Services */ = {
			isa = PBXGroup;
			children = (
				20CFC21F27F85D17002C9E50 /* NetworkService.swift */,
			);
			path = Services;
			sourceTree = "<group>";
		};
		20CFC22227F85D43002C9E50 /* Models */ = {
			isa = PBXGroup;
			children = (
				20CFC21D27F85A1E002C9E50 /* FriendViewModel.swift */,
				20CFC22727F8705B002C9E50 /* Response.swift */,
				20CFC22327F85E29002C9E50 /* FriendModel.swift */,
				20CFC22527F864D8002C9E50 /* Session.swift */,
			);
			path = Models;
			sourceTree = "<group>";
		};
/* End PBXGroup section */

/* Begin PBXNativeTarget section */
		206F0C3027DE4AC90055BF0D /* GB VK client SwiftUI */ = {
			isa = PBXNativeTarget;
			buildConfigurationList = 206F0C3F27DE4AC90055BF0D /* Build configuration list for PBXNativeTarget "GB VK client SwiftUI" */;
			buildPhases = (
				206F0C2D27DE4AC90055BF0D /* Sources */,
				206F0C2E27DE4AC90055BF0D /* Frameworks */,
				206F0C2F27DE4AC90055BF0D /* Resources */,
			);
			buildRules = (
			);
			dependencies = (
			);
			name = "GB VK client SwiftUI";
			packageProductDependencies = (
				201298D127F32D10005FC101 /* ASCollectionView */,
			);
			productName = "GB VK client SwiftUI";
			productReference = 206F0C3127DE4AC90055BF0D /* GB VK client SwiftUI.app */;
			productType = "com.apple.product-type.application";
		};
/* End PBXNativeTarget section */

/* Begin PBXProject section */
		206F0C2927DE4AC80055BF0D /* Project object */ = {
			isa = PBXProject;
			attributes = {
				BuildIndependentTargetsInParallel = 1;
				LastSwiftUpdateCheck = 1320;
				LastUpgradeCheck = 1320;
				TargetAttributes = {
					206F0C3027DE4AC90055BF0D = {
						CreatedOnToolsVersion = 13.2.1;
					};
				};
			};
			buildConfigurationList = 206F0C2C27DE4AC80055BF0D /* Build configuration list for PBXProject "GB VK client SwiftUI" */;
			compatibilityVersion = "Xcode 13.0";
			developmentRegion = en;
			hasScannedForEncodings = 0;
			knownRegions = (
				en,
				Base,
			);
			mainGroup = 206F0C2827DE4AC80055BF0D;
			packageReferences = (
				201298D027F32D10005FC101 /* XCRemoteSwiftPackageReference "ASCollectionView" */,
			);
			productRefGroup = 206F0C3227DE4AC90055BF0D /* Products */;
			projectDirPath = "";
			projectRoot = "";
			targets = (
				206F0C3027DE4AC90055BF0D /* GB VK client SwiftUI */,
			);
		};
/* End PBXProject section */

/* Begin PBXResourcesBuildPhase section */
		206F0C2F27DE4AC90055BF0D /* Resources */ = {
			isa = PBXResourcesBuildPhase;
			buildActionMask = 2147483647;
			files = (
				206F0C3C27DE4AC90055BF0D /* Preview Assets.xcassets in Resources */,
				206F0C3927DE4AC90055BF0D /* Assets.xcassets in Resources */,
			);
			runOnlyForDeploymentPostprocessing = 0;
		};
/* End PBXResourcesBuildPhase section */

/* Begin PBXSourcesBuildPhase section */
		206F0C2D27DE4AC90055BF0D /* Sources */ = {
			isa = PBXSourcesBuildPhase;
			buildActionMask = 2147483647;
			files = (
				206F0C4927DE4E4D0055BF0D /* LoginView.swift in Sources */,
				20CFC22627F864D8002C9E50 /* Session.swift in Sources */,
				201298BB27E4AC2D005FC101 /* FriendRow.swift in Sources */,
				20CFC21E27F85A1E002C9E50 /* FriendViewModel.swift in Sources */,
				20CFC22827F8705B002C9E50 /* Response.swift in Sources */,
				201298CE27F328D9005FC101 /* Gallery.swift in Sources */,
				201298C827F316AA005FC101 /* GroupsView.swift in Sources */,
				20CFC22427F85E29002C9E50 /* FriendModel.swift in Sources */,
				201298BF27E89793005FC101 /* AvatarView.swift in Sources */,
				201298C427EF7CE8005FC101 /* FriendsView.swift in Sources */,
				206F0C4527DE4E050055BF0D /* SwiftUI+Extension.swift in Sources */,
				201298C127EF57E9005FC101 /* AppView.swift in Sources */,
				206F0C4727DE4E2B0055BF0D /* UIKit+Extension.swift in Sources */,
				20CFC22027F85D17002C9E50 /* NetworkService.swift in Sources */,
				206F0C3527DE4AC90055BF0D /* GB_VK_client_SwiftUIApp.swift in Sources */,
				201298CB27F31C4D005FC101 /* NewsFeedView.swift in Sources */,
				201298BD27E4D021005FC101 /* GroupsRow.swift in Sources */,
				201298C627F31163005FC101 /* MainView.swift in Sources */,
			);
			runOnlyForDeploymentPostprocessing = 0;
		};
/* End PBXSourcesBuildPhase section */

/* Begin XCBuildConfiguration section */
		206F0C3D27DE4AC90055BF0D /* Debug */ = {
			isa = XCBuildConfiguration;
			buildSettings = {
				ALWAYS_SEARCH_USER_PATHS = NO;
				CLANG_ANALYZER_NONNULL = YES;
				CLANG_ANALYZER_NUMBER_OBJECT_CONVERSION = YES_AGGRESSIVE;
				CLANG_CXX_LANGUAGE_STANDARD = "gnu++17";
				CLANG_CXX_LIBRARY = "libc++";
				CLANG_ENABLE_MODULES = YES;
				CLANG_ENABLE_OBJC_ARC = YES;
				CLANG_ENABLE_OBJC_WEAK = YES;
				CLANG_WARN_BLOCK_CAPTURE_AUTORELEASING = YES;
				CLANG_WARN_BOOL_CONVERSION = YES;
				CLANG_WARN_COMMA = YES;
				CLANG_WARN_CONSTANT_CONVERSION = YES;
				CLANG_WARN_DEPRECATED_OBJC_IMPLEMENTATIONS = YES;
				CLANG_WARN_DIRECT_OBJC_ISA_USAGE = YES_ERROR;
				CLANG_WARN_DOCUMENTATION_COMMENTS = YES;
				CLANG_WARN_EMPTY_BODY = YES;
				CLANG_WARN_ENUM_CONVERSION = YES;
				CLANG_WARN_INFINITE_RECURSION = YES;
				CLANG_WARN_INT_CONVERSION = YES;
				CLANG_WARN_NON_LITERAL_NULL_CONVERSION = YES;
				CLANG_WARN_OBJC_IMPLICIT_RETAIN_SELF = YES;
				CLANG_WARN_OBJC_LITERAL_CONVERSION = YES;
				CLANG_WARN_OBJC_ROOT_CLASS = YES_ERROR;
				CLANG_WARN_QUOTED_INCLUDE_IN_FRAMEWORK_HEADER = YES;
				CLANG_WARN_RANGE_LOOP_ANALYSIS = YES;
				CLANG_WARN_STRICT_PROTOTYPES = YES;
				CLANG_WARN_SUSPICIOUS_MOVE = YES;
				CLANG_WARN_UNGUARDED_AVAILABILITY = YES_AGGRESSIVE;
				CLANG_WARN_UNREACHABLE_CODE = YES;
				CLANG_WARN__DUPLICATE_METHOD_MATCH = YES;
				COPY_PHASE_STRIP = NO;
				DEBUG_INFORMATION_FORMAT = dwarf;
				ENABLE_STRICT_OBJC_MSGSEND = YES;
				ENABLE_TESTABILITY = YES;
				GCC_C_LANGUAGE_STANDARD = gnu11;
				GCC_DYNAMIC_NO_PIC = NO;
				GCC_NO_COMMON_BLOCKS = YES;
				GCC_OPTIMIZATION_LEVEL = 0;
				GCC_PREPROCESSOR_DEFINITIONS = (
					"DEBUG=1",
					"$(inherited)",
				);
				GCC_WARN_64_TO_32_BIT_CONVERSION = YES;
				GCC_WARN_ABOUT_RETURN_TYPE = YES_ERROR;
				GCC_WARN_UNDECLARED_SELECTOR = YES;
				GCC_WARN_UNINITIALIZED_AUTOS = YES_AGGRESSIVE;
				GCC_WARN_UNUSED_FUNCTION = YES;
				GCC_WARN_UNUSED_VARIABLE = YES;
				IPHONEOS_DEPLOYMENT_TARGET = 15.2;
				MTL_ENABLE_DEBUG_INFO = INCLUDE_SOURCE;
				MTL_FAST_MATH = YES;
				ONLY_ACTIVE_ARCH = YES;
				SDKROOT = iphoneos;
				SWIFT_ACTIVE_COMPILATION_CONDITIONS = DEBUG;
				SWIFT_OPTIMIZATION_LEVEL = "-Onone";
			};
			name = Debug;
		};
		206F0C3E27DE4AC90055BF0D /* Release */ = {
			isa = XCBuildConfiguration;
			buildSettings = {
				ALWAYS_SEARCH_USER_PATHS = NO;
				CLANG_ANALYZER_NONNULL = YES;
				CLANG_ANALYZER_NUMBER_OBJECT_CONVERSION = YES_AGGRESSIVE;
				CLANG_CXX_LANGUAGE_STANDARD = "gnu++17";
				CLANG_CXX_LIBRARY = "libc++";
				CLANG_ENABLE_MODULES = YES;
				CLANG_ENABLE_OBJC_ARC = YES;
				CLANG_ENABLE_OBJC_WEAK = YES;
				CLANG_WARN_BLOCK_CAPTURE_AUTORELEASING = YES;
				CLANG_WARN_BOOL_CONVERSION = YES;
				CLANG_WARN_COMMA = YES;
				CLANG_WARN_CONSTANT_CONVERSION = YES;
				CLANG_WARN_DEPRECATED_OBJC_IMPLEMENTATIONS = YES;
				CLANG_WARN_DIRECT_OBJC_ISA_USAGE = YES_ERROR;
				CLANG_WARN_DOCUMENTATION_COMMENTS = YES;
				CLANG_WARN_EMPTY_BODY = YES;
				CLANG_WARN_ENUM_CONVERSION = YES;
				CLANG_WARN_INFINITE_RECURSION = YES;
				CLANG_WARN_INT_CONVERSION = YES;
				CLANG_WARN_NON_LITERAL_NULL_CONVERSION = YES;
				CLANG_WARN_OBJC_IMPLICIT_RETAIN_SELF = YES;
				CLANG_WARN_OBJC_LITERAL_CONVERSION = YES;
				CLANG_WARN_OBJC_ROOT_CLASS = YES_ERROR;
				CLANG_WARN_QUOTED_INCLUDE_IN_FRAMEWORK_HEADER = YES;
				CLANG_WARN_RANGE_LOOP_ANALYSIS = YES;
				CLANG_WARN_STRICT_PROTOTYPES = YES;
				CLANG_WARN_SUSPICIOUS_MOVE = YES;
				CLANG_WARN_UNGUARDED_AVAILABILITY = YES_AGGRESSIVE;
				CLANG_WARN_UNREACHABLE_CODE = YES;
				CLANG_WARN__DUPLICATE_METHOD_MATCH = YES;
				COPY_PHASE_STRIP = NO;
				DEBUG_INFORMATION_FORMAT = "dwarf-with-dsym";
				ENABLE_NS_ASSERTIONS = NO;
				ENABLE_STRICT_OBJC_MSGSEND = YES;
				GCC_C_LANGUAGE_STANDARD = gnu11;
				GCC_NO_COMMON_BLOCKS = YES;
				GCC_WARN_64_TO_32_BIT_CONVERSION = YES;
				GCC_WARN_ABOUT_RETURN_TYPE = YES_ERROR;
				GCC_WARN_UNDECLARED_SELECTOR = YES;
				GCC_WARN_UNINITIALIZED_AUTOS = YES_AGGRESSIVE;
				GCC_WARN_UNUSED_FUNCTION = YES;
				GCC_WARN_UNUSED_VARIABLE = YES;
				IPHONEOS_DEPLOYMENT_TARGET = 15.2;
				MTL_ENABLE_DEBUG_INFO = NO;
				MTL_FAST_MATH = YES;
				SDKROOT = iphoneos;
				SWIFT_COMPILATION_MODE = wholemodule;
				SWIFT_OPTIMIZATION_LEVEL = "-O";
				VALIDATE_PRODUCT = YES;
			};
			name = Release;
		};
		206F0C4027DE4AC90055BF0D /* Debug */ = {
			isa = XCBuildConfiguration;
			buildSettings = {
				ASSETCATALOG_COMPILER_APPICON_NAME = AppIcon;
				ASSETCATALOG_COMPILER_GLOBAL_ACCENT_COLOR_NAME = AccentColor;
				CODE_SIGN_STYLE = Automatic;
				CURRENT_PROJECT_VERSION = 1;
				DEVELOPMENT_ASSET_PATHS = "\"GB VK client SwiftUI/Preview Content\"";
				DEVELOPMENT_TEAM = V2THZTN36Q;
				ENABLE_PREVIEWS = YES;
				GENERATE_INFOPLIST_FILE = YES;
				INFOPLIST_KEY_UIApplicationSceneManifest_Generation = YES;
				INFOPLIST_KEY_UIApplicationSupportsIndirectInputEvents = YES;
				INFOPLIST_KEY_UILaunchScreen_Generation = YES;
				INFOPLIST_KEY_UISupportedInterfaceOrientations_iPad = "UIInterfaceOrientationPortrait UIInterfaceOrientationPortraitUpsideDown UIInterfaceOrientationLandscapeLeft UIInterfaceOrientationLandscapeRight";
				INFOPLIST_KEY_UISupportedInterfaceOrientations_iPhone = "UIInterfaceOrientationPortrait UIInterfaceOrientationLandscapeLeft UIInterfaceOrientationLandscapeRight";
				LD_RUNPATH_SEARCH_PATHS = (
					"$(inherited)",
					"@executable_path/Frameworks",
				);
				MARKETING_VERSION = 1.0;
				PRODUCT_BUNDLE_IDENTIFIER = "com.GB-VK-client-SwiftUI";
				PRODUCT_NAME = "$(TARGET_NAME)";
				SWIFT_EMIT_LOC_STRINGS = YES;
				SWIFT_VERSION = 5.0;
				TARGETED_DEVICE_FAMILY = "1,2";
			};
			name = Debug;
		};
		206F0C4127DE4AC90055BF0D /* Release */ = {
			isa = XCBuildConfiguration;
			buildSettings = {
				ASSETCATALOG_COMPILER_APPICON_NAME = AppIcon;
				ASSETCATALOG_COMPILER_GLOBAL_ACCENT_COLOR_NAME = AccentColor;
				CODE_SIGN_STYLE = Automatic;
				CURRENT_PROJECT_VERSION = 1;
				DEVELOPMENT_ASSET_PATHS = "\"GB VK client SwiftUI/Preview Content\"";
				DEVELOPMENT_TEAM = V2THZTN36Q;
				ENABLE_PREVIEWS = YES;
				GENERATE_INFOPLIST_FILE = YES;
				INFOPLIST_KEY_UIApplicationSceneManifest_Generation = YES;
				INFOPLIST_KEY_UIApplicationSupportsIndirectInputEvents = YES;
				INFOPLIST_KEY_UILaunchScreen_Generation = YES;
				INFOPLIST_KEY_UISupportedInterfaceOrientations_iPad = "UIInterfaceOrientationPortrait UIInterfaceOrientationPortraitUpsideDown UIInterfaceOrientationLandscapeLeft UIInterfaceOrientationLandscapeRight";
				INFOPLIST_KEY_UISupportedInterfaceOrientations_iPhone = "UIInterfaceOrientationPortrait UIInterfaceOrientationLandscapeLeft UIInterfaceOrientationLandscapeRight";
				LD_RUNPATH_SEARCH_PATHS = (
					"$(inherited)",
					"@executable_path/Frameworks",
				);
				MARKETING_VERSION = 1.0;
				PRODUCT_BUNDLE_IDENTIFIER = "com.GB-VK-client-SwiftUI";
				PRODUCT_NAME = "$(TARGET_NAME)";
				SWIFT_EMIT_LOC_STRINGS = YES;
				SWIFT_VERSION = 5.0;
				TARGETED_DEVICE_FAMILY = "1,2";
			};
			name = Release;
		};
/* End XCBuildConfiguration section */

/* Begin XCConfigurationList section */
		206F0C2C27DE4AC80055BF0D /* Build configuration list for PBXProject "GB VK client SwiftUI" */ = {
			isa = XCConfigurationList;
			buildConfigurations = (
				206F0C3D27DE4AC90055BF0D /* Debug */,
				206F0C3E27DE4AC90055BF0D /* Release */,
			);
			defaultConfigurationIsVisible = 0;
			defaultConfigurationName = Release;
		};
		206F0C3F27DE4AC90055BF0D /* Build configuration list for PBXNativeTarget "GB VK client SwiftUI" */ = {
			isa = XCConfigurationList;
			buildConfigurations = (
				206F0C4027DE4AC90055BF0D /* Debug */,
				206F0C4127DE4AC90055BF0D /* Release */,
			);
			defaultConfigurationIsVisible = 0;
			defaultConfigurationName = Release;
		};
/* End XCConfigurationList section */

/* Begin XCRemoteSwiftPackageReference section */
		201298D027F32D10005FC101 /* XCRemoteSwiftPackageReference "ASCollectionView" */ = {
			isa = XCRemoteSwiftPackageReference;
			repositoryURL = "https://github.com/apptekstudios/ASCollectionView";
			requirement = {
				kind = upToNextMajorVersion;
				minimumVersion = 2.1.1;
			};
		};
/* End XCRemoteSwiftPackageReference section */

/* Begin XCSwiftPackageProductDependency section */
		201298D127F32D10005FC101 /* ASCollectionView */ = {
			isa = XCSwiftPackageProductDependency;
			package = 201298D027F32D10005FC101 /* XCRemoteSwiftPackageReference "ASCollectionView" */;
			productName = ASCollectionView;
		};
/* End XCSwiftPackageProductDependency section */
	};
	rootObject = 206F0C2927DE4AC80055BF0D /* Project object */;
}
